
Microsoft Visual Studio Solution File, Format Version 12.00
# Visual Studio Version 17
VisualStudioVersion = 17.7.33927.210
MinimumVisualStudioVersion = 10.0.40219.1
Project("{FAE04EC0-301F-11D3-BF4B-00C04F79EFBC}") = "ExecuteCustomCommandsOnComPorts", "ExecuteCustomCommandsOnComPorts\ExecuteCustomCommandsOnComPorts.csproj", "{9BFE4A98-959D-4109-8572-6F59FC5C5AFA}"
EndProject
Global
	GlobalSection(SolutionConfigurationPlatforms) = preSolution
		Debug|Any CPU = Debug|Any CPU
		Release|Any CPU = Release|Any CPU
	EndGlobalSection
	GlobalSection(ProjectConfigurationPlatforms) = postSolution
		{9BFE4A98-959D-4109-8572-6F59FC5C5AFA}.Debug|Any CPU.ActiveCfg = Debug|Any CPU
		{9BFE4A98-959D-4109-8572-6F59FC5C5AFA}.Debug|Any CPU.Build.0 = Debug|Any CPU
		{9BFE4A98-959D-4109-8572-6F59FC5C5AFA}.Release|Any CPU.ActiveCfg = Release|Any CPU
		{9BFE4A98-959D-4109-8572-6F59FC5C5AFA}.Release|Any CPU.Build.0 = Release|Any CPU
	EndGlobalSection
	GlobalSection(SolutionProperties) = preSolution
		HideSolutionNode = FALSE
	EndGlobalSection
	GlobalSection(ExtensibilityGlobals) = postSolution
		SolutionGuid = {145217A8-8E4C-41F6-9397-E06440A30B77}
	EndGlobalSection
EndGlobal
